
Microsoft Visual Studio Solution File, Format Version 12.00
# Visual Studio Version 17
VisualStudioVersion = 17.0.32014.148
MinimumVisualStudioVersion = 10.0.40219.1
Project("{FAE04EC0-301F-11D3-BF4B-00C04F79EFBC}") = "CrudOperationFinalAssessment", "CrudOperationFinalAssessment\CrudOperationFinalAssessment.csproj", "{001A548F-D7AB-4D36-9E91-20406E764EFB}"
EndProject
Global
	GlobalSection(SolutionConfigurationPlatforms) = preSolution
		Debug|Any CPU = Debug|Any CPU
		Release|Any CPU = Release|Any CPU
	EndGlobalSection
	GlobalSection(ProjectConfigurationPlatforms) = postSolution
		{001A548F-D7AB-4D36-9E91-20406E764EFB}.Debug|Any CPU.ActiveCfg = Debug|Any CPU
		{001A548F-D7AB-4D36-9E91-20406E764EFB}.Debug|Any CPU.Build.0 = Debug|Any CPU
		{001A548F-D7AB-4D36-9E91-20406E764EFB}.Release|Any CPU.ActiveCfg = Release|Any CPU
		{001A548F-D7AB-4D36-9E91-20406E764EFB}.Release|Any CPU.Build.0 = Release|Any CPU
	EndGlobalSection
	GlobalSection(SolutionProperties) = preSolution
		HideSolutionNode = FALSE
	EndGlobalSection
	GlobalSection(ExtensibilityGlobals) = postSolution
		SolutionGuid = {AD3614A9-94C5-450D-A15D-E08F473C84C3}
	EndGlobalSection
EndGlobal
